<?xml version="1.0" encoding="utf-8"?>
<Project ToolsVersion="4.0" xmlns="http://schemas.microsoft.com/developer/msbuild/2003">
  <ItemGroup>
    <Filter Include="Resource Files">
      <UniqueIdentifier>{67DA6AB6-F800-4c08-8B7A-83BB121AAD01}</UniqueIdentifier>
      <Extensions>rc;ico;cur;bmp;dlg;rc2;rct;bin;rgs;gif;jpg;jpeg;jpe;resx;tiff;tif;png;wav;mfcribbon-ms</Extensions>
    </Filter>
    <Filter Include="Source Files">
      <UniqueIdentifier>{3d90f094-eaf0-47c7-9c50-41e6f3d17d1c}</UniqueIdentifier>
    </Filter>
    <Filter Include="Header Files">
      <UniqueIdentifier>{953a345c-af05-4eae-b45a-fd92039d1e14}</UniqueIdentifier>
    </Filter>
    <Filter Include="Header Files\Core">
      <UniqueIdentifier>{cb9e22cb-d620-469d-94a2-0afa29b68649}</UniqueIdentifier>
    </Filter>
    <Filter Include="Header Files\Compatible3D">
      <UniqueIdentifier>{bff6e593-7d25-4697-9025-570ff9e1a14c}</UniqueIdentifier>
    </Filter>
    <Filter Include="Header Files\Compatible2D">
      <UniqueIdentifier>{583cd005-588e-4589-b485-9bc3f4724ae7}</UniqueIdentifier>
    </Filter>
    <Filter Include="Header Files\Graphics">
      <UniqueIdentifier>{2fb47bdc-07f5-483d-ac2f-c5bcaab2fa40}</UniqueIdentifier>
    </Filter>
    <Filter Include="Header Files\Core\Types">
      <UniqueIdentifier>{b754f50d-6372-42ee-b51c-2ad4637e9195}</UniqueIdentifier>
    </Filter>
    <Filter Include="Header Files\Core\Other">
      <UniqueIdentifier>{059907cf-3aef-44e6-856c-243494bcbbdb}</UniqueIdentifier>
    </Filter>
    <Filter Include="Header Files\Core\Networking">
      <UniqueIdentifier>{e35a2d00-dbf2-48f5-9959-ca213e415b2a}</UniqueIdentifier>
    </Filter>
    <Filter Include="Header Files\Core\Debugging">
      <UniqueIdentifier>{ce50342b-fbb8-416d-b564-71bfc908030d}</UniqueIdentifier>
    </Filter>
    <Filter Include="Header Files\Graphics\Text">
      <UniqueIdentifier>{db899204-35d0-4f7a-8042-a2ae23393372}</UniqueIdentifier>
    </Filter>
    <Filter Include="Source Files\Core">
      <UniqueIdentifier>{0a7269cf-24d8-4711-9f7b-c8952bca0a77}</UniqueIdentifier>
    </Filter>
    <Filter Include="Source Files\Compatible3D">
      <UniqueIdentifier>{b5d7327b-2103-4be0-b972-e9f538417f61}</UniqueIdentifier>
    </Filter>
    <Filter Include="Source Files\Compatible2D">
      <UniqueIdentifier>{353eadf9-a636-422c-850e-9e57f45e5341}</UniqueIdentifier>
    </Filter>
    <Filter Include="Source Files\Graphics">
      <UniqueIdentifier>{928bddcf-e975-4336-8c06-450a243c3b36}</UniqueIdentifier>
    </Filter>
    <Filter Include="Source Files\Core\Networking">
      <UniqueIdentifier>{0d0fdd2c-443a-465e-997c-cdc8185060b5}</UniqueIdentifier>
    </Filter>
    <Filter Include="Source Files\Core\Debugging">
      <UniqueIdentifier>{5c29a72f-c87c-4626-a605-98f284196309}</UniqueIdentifier>
    </Filter>
    <Filter Include="Source Files\Core\Other">
      <UniqueIdentifier>{1de1ee2e-8550-4b13-bddc-8e21f3cce41c}</UniqueIdentifier>
    </Filter>
    <Filter Include="Source Files\Core\Types">
      <UniqueIdentifier>{b4969575-97dc-4344-822b-63f5828c338e}</UniqueIdentifier>
    </Filter>
    <Filter Include="Source Files\Graphics\Text">
      <UniqueIdentifier>{4a599349-7056-421a-9e8d-49ad933e3dc8}</UniqueIdentifier>
    </Filter>
    <Filter Include="Source Files\Physics">
      <UniqueIdentifier>{d7a440f8-cd14-44eb-b907-c696ea5bc482}</UniqueIdentifier>
    </Filter>
    <Filter Include="Header Files\Physics">
      <UniqueIdentifier>{a06ab6ed-b0a4-434d-83da-96d1346c2042}</UniqueIdentifier>
    </Filter>
    <Filter Include="Source Files\Physics\IrrBullet">
      <UniqueIdentifier>{15132382-1f12-4872-a5aa-a1bb53b0ef29}</UniqueIdentifier>
    </Filter>
    <Filter Include="Header Files\Physics\IrrBullet">
      <UniqueIdentifier>{601089ef-ee51-4b0b-8122-8eb11a276c7b}</UniqueIdentifier>
    </Filter>
    <Filter Include="Header Files\Core\Static">
      <UniqueIdentifier>{5c8118fc-b370-4c2e-a895-8872f3e06185}</UniqueIdentifier>
    </Filter>
  </ItemGroup>
  <ItemGroup>
    <ClCompile Include="src\Vector2D.cpp">
      <Filter>Source Files\Core\Types</Filter>
    </ClCompile>
    <ClCompile Include="src\Vector3D.cpp">
      <Filter>Source Files\Core\Types</Filter>
    </ClCompile>
    <ClCompile Include="src\Vector4D.cpp">
      <Filter>Source Files\Core\Types</Filter>
    </ClCompile>
    <ClCompile Include="src\CGUIFont.cpp">
      <Filter>Source Files\Graphics</Filter>
    </ClCompile>
    <ClCompile Include="src\CShaderPre.cpp">
      <Filter>Source Files\Graphics</Filter>
    </ClCompile>
    <ClCompile Include="src\DebugConsole.cpp">
      <Filter>Source Files\Core\Debugging</Filter>
    </ClCompile>
    <ClCompile Include="src\Billboard.cpp">
      <Filter>Source Files\Compatible3D</Filter>
    </ClCompile>
    <ClCompile Include="src\Camera3D.cpp">
      <Filter>Source Files\Compatible3D</Filter>
    </ClCompile>
    <ClCompile Include="src\EditBox.cpp">
      <Filter>Source Files\Compatible2D</Filter>
    </ClCompile>
    <ClCompile Include="src\Empty.cpp">
      <Filter>Source Files\Compatible3D</Filter>
    </ClCompile>
    <ClCompile Include="src\Hitbox.cpp">
      <Filter>Source Files\Compatible3D</Filter>
    </ClCompile>
    <ClCompile Include="src\Image2D.cpp">
      <Filter>Source Files\Compatible2D</Filter>
    </ClCompile>
    <ClCompile Include="src\LegacyLight.cpp">
      <Filter>Source Files\Compatible3D</Filter>
    </ClCompile>
    <ClCompile Include="src\Line.cpp">
      <Filter>Source Files\Graphics</Filter>
    </ClCompile>
    <ClCompile Include="src\Material.cpp">
      <Filter>Source Files\Graphics</Filter>
    </ClCompile>
    <ClCompile Include="src\MeshBuffer.cpp">
      <Filter>Source Files\Graphics</Filter>
    </ClCompile>
    <ClCompile Include="src\NetworkHandler.cpp">
      <Filter>Source Files\Core\Networking</Filter>
    </ClCompile>
    <ClCompile Include="src\Packet.cpp">
      <Filter>Source Files\Core\Networking</Filter>
    </ClCompile>
    <ClCompile Include="src\os.cpp">
      <Filter>Source Files\Core\Other</Filter>
    </ClCompile>
    <ClCompile Include="src\ParticleSystem.cpp">
      <Filter>Source Files\Compatible3D</Filter>
    </ClCompile>
    <ClCompile Include="src\SolConversions.cpp">
      <Filter>Source Files\Core\Types</Filter>
    </ClCompile>
    <ClCompile Include="src\WaterMesh.cpp">
      <Filter>Source Files\Compatible3D</Filter>
    </ClCompile>
    <ClCompile Include="src\Trail.cpp">
      <Filter>Source Files\Compatible3D</Filter>
    </ClCompile>
    <ClCompile Include="src\Texture.cpp">
      <Filter>Source Files\Graphics</Filter>
    </ClCompile>
    <ClCompile Include="src\TextArea.cpp">
      <Filter>Source Files\Compatible2D</Filter>
    </ClCompile>
    <ClCompile Include="src\Text3D.cpp">
      <Filter>Source Files\Compatible3D</Filter>
    </ClCompile>
    <ClCompile Include="src\Text2D.cpp">
      <Filter>Source Files\Compatible2D</Filter>
    </ClCompile>
    <ClCompile Include="src\StaticMesh.cpp">
      <Filter>Source Files\Compatible3D</Filter>
    </ClCompile>
    <ClCompile Include="src\Sound.cpp">
      <Filter>Source Files\Core</Filter>
    </ClCompile>
    <ClCompile Include="src\IrrHandling.cpp">
      <Filter>Source Files\Core</Filter>
    </ClCompile>
    <ClCompile Include="src\Lime.cpp">
      <Filter>Source Files\Core</Filter>
    </ClCompile>
    <ClCompile Include="src\LimeReceiver.cpp">
      <Filter>Source Files\Core</Filter>
    </ClCompile>
    <ClCompile Include="src\LuaLime.cpp">
      <Filter>Source Files\Core</Filter>
    </ClCompile>
    <ClCompile Include="src\GhostTrailSceneNode.cpp">
      <Filter>Source Files\Graphics</Filter>
    </ClCompile>
    <ClCompile Include="src\PhysicsHandler.cpp">
      <Filter>Source Files\Physics</Filter>
    </ClCompile>
    <ClCompile Include="src\Compatible2D.cpp">
      <Filter>Source Files\Compatible2D</Filter>
    </ClCompile>
    <ClCompile Include="src\Compatible3D.cpp">
      <Filter>Source Files\Compatible3D</Filter>
    </ClCompile>
    <ClCompile Include="src\irrBulletWorld.cpp">
      <Filter>Source Files\Physics\IrrBullet</Filter>
    </ClCompile>
    <ClCompile Include="src\irrBullet.cpp">
      <Filter>Source Files\Physics\IrrBullet</Filter>
    </ClCompile>
    <ClCompile Include="src\irrBulletBoxShape.cpp">
      <Filter>Source Files\Physics\IrrBullet</Filter>
    </ClCompile>
    <ClCompile Include="src\irrBulletBvhTriangleMeshShape.cpp">
      <Filter>Source Files\Physics\IrrBullet</Filter>
    </ClCompile>
    <ClCompile Include="src\irrBulletCapsuleShape.cpp">
      <Filter>Source Files\Physics\IrrBullet</Filter>
    </ClCompile>
    <ClCompile Include="src\irrBulletCollisionCallBackInformation.cpp">
      <Filter>Source Files\Physics\IrrBullet</Filter>
    </ClCompile>
    <ClCompile Include="src\irrBulletCollisionObject.cpp">
      <Filter>Source Files\Physics\IrrBullet</Filter>
    </ClCompile>
    <ClCompile Include="src\irrBulletCollisionObjectAffector.cpp">
      <Filter>Source Files\Physics\IrrBullet</Filter>
    </ClCompile>
    <ClCompile Include="src\irrBulletCollisionObjectAffectorAttract.cpp">
      <Filter>Source Files\Physics\IrrBullet</Filter>
    </ClCompile>
    <ClCompile Include="src\irrBulletCollisionObjectAffectorDelete.cpp">
      <Filter>Source Files\Physics\IrrBullet</Filter>
    </ClCompile>
    <ClCompile Include="src\irrBulletCollisionShape.cpp">
      <Filter>Source Files\Physics\IrrBullet</Filter>
    </ClCompile>
    <ClCompile Include="src\irrBulletcommon.cpp">
      <Filter>Source Files\Physics\IrrBullet</Filter>
    </ClCompile>
    <ClCompile Include="src\irrBulletConeShape.cpp">
      <Filter>Source Files\Physics\IrrBullet</Filter>
    </ClCompile>
    <ClCompile Include="src\irrBulletConvexHullShape.cpp">
      <Filter>Source Files\Physics\IrrBullet</Filter>
    </ClCompile>
    <ClCompile Include="src\irrBulletCylinderShape.cpp">
      <Filter>Source Files\Physics\IrrBullet</Filter>
    </ClCompile>
    <ClCompile Include="src\irrBulletGhostObject.cpp">
      <Filter>Source Files\Physics\IrrBullet</Filter>
    </ClCompile>
    <ClCompile Include="src\irrBulletGImpactMeshShape.cpp">
      <Filter>Source Files\Physics\IrrBullet</Filter>
    </ClCompile>
    <ClCompile Include="src\irrBulletLiquidBody.cpp">
      <Filter>Source Files\Physics\IrrBullet</Filter>
    </ClCompile>
    <ClCompile Include="src\irrBulletMotionState.cpp">
      <Filter>Source Files\Physics\IrrBullet</Filter>
    </ClCompile>
    <ClCompile Include="src\irrBulletPhysicsDebug.cpp">
      <Filter>Source Files\Physics\IrrBullet</Filter>
    </ClCompile>
    <ClCompile Include="src\irrBulletRayCastVehicle.cpp">
      <Filter>Source Files\Physics\IrrBullet</Filter>
    </ClCompile>
    <ClCompile Include="src\irrBulletRigidBody.cpp">
      <Filter>Source Files\Physics\IrrBullet</Filter>
    </ClCompile>
    <ClCompile Include="src\irrBulletSoftBody.cpp">
      <Filter>Source Files\Physics\IrrBullet</Filter>
    </ClCompile>
    <ClCompile Include="src\irrBulletSphereShape.cpp">
      <Filter>Source Files\Physics\IrrBullet</Filter>
    </ClCompile>
    <ClCompile Include="src\irrBulletTriangleMeshShape.cpp">
      <Filter>Source Files\Physics\IrrBullet</Filter>
    </ClCompile>
    <ClCompile Include="src\Event.cpp">
      <Filter>Source Files\Core\Types</Filter>
    </ClCompile>
    <ClCompile Include="src\RigidBody3D.cpp">
      <Filter>Source Files\Compatible3D</Filter>
    </ClCompile>
  </ItemGroup>
  <ItemGroup>
    <ClInclude Include="include\Billboard.h">
      <Filter>Header Files\Compatible3D</Filter>
    </ClInclude>
    <ClInclude Include="include\Camera3D.h">
      <Filter>Header Files\Compatible3D</Filter>
    </ClInclude>
    <ClInclude Include="include\Compatible2D.h">
      <Filter>Header Files\Compatible2D</Filter>
    </ClInclude>
    <ClInclude Include="include\Compatible3D.h">
      <Filter>Header Files\Compatible3D</Filter>
    </ClInclude>
    <ClInclude Include="include\Empty.h">
      <Filter>Header Files\Compatible3D</Filter>
    </ClInclude>
    <ClInclude Include="include\EditBox.h">
      <Filter>Header Files\Compatible2D</Filter>
    </ClInclude>
    <ClInclude Include="include\Hitbox.h">
      <Filter>Header Files\Compatible3D</Filter>
    </ClInclude>
    <ClInclude Include="include\Image2D.h">
      <Filter>Header Files\Compatible2D</Filter>
    </ClInclude>
    <ClInclude Include="include\IrrHandling.h">
      <Filter>Header Files\Core</Filter>
    </ClInclude>
    <ClInclude Include="include\IrrManagers.h">
      <Filter>Header Files\Core</Filter>
    </ClInclude>
    <ClInclude Include="include\LegacyLight.h">
      <Filter>Header Files\Compatible3D</Filter>
    </ClInclude>
    <ClInclude Include="include\LimeReceiver.h">
      <Filter>Header Files\Core</Filter>
    </ClInclude>
    <ClInclude Include="include\LuaLime.h">
      <Filter>Header Files\Core</Filter>
    </ClInclude>
    <ClInclude Include="include\MeshBuffer.h">
      <Filter>Header Files\Graphics</Filter>
    </ClInclude>
    <ClInclude Include="include\Material.h">
      <Filter>Header Files\Graphics</Filter>
    </ClInclude>
    <ClInclude Include="include\CGUIFont.h">
      <Filter>Header Files\Graphics</Filter>
    </ClInclude>
    <ClInclude Include="include\GhostTrailSceneNode.h">
      <Filter>Header Files\Graphics</Filter>
    </ClInclude>
    <ClInclude Include="include\ParticleSystem.h">
      <Filter>Header Files\Compatible3D</Filter>
    </ClInclude>
    <ClInclude Include="include\StaticMesh.h">
      <Filter>Header Files\Compatible3D</Filter>
    </ClInclude>
    <ClInclude Include="include\Text2D.h">
      <Filter>Header Files\Compatible2D</Filter>
    </ClInclude>
    <ClInclude Include="include\Text3D.h">
      <Filter>Header Files\Compatible3D</Filter>
    </ClInclude>
    <ClInclude Include="include\TextElement.h">
      <Filter>Header Files\Compatible2D</Filter>
    </ClInclude>
    <ClInclude Include="include\Texture.h">
      <Filter>Header Files\Graphics</Filter>
    </ClInclude>
    <ClInclude Include="include\Trail.h">
      <Filter>Header Files\Compatible3D</Filter>
    </ClInclude>
    <ClInclude Include="include\WaterMesh.h">
      <Filter>Header Files\Compatible3D</Filter>
    </ClInclude>
    <ClInclude Include="include\Vector2D.h">
      <Filter>Header Files\Core\Types</Filter>
    </ClInclude>
    <ClInclude Include="include\Vector3D.h">
      <Filter>Header Files\Core\Types</Filter>
    </ClInclude>
    <ClInclude Include="include\Vector4D.h">
      <Filter>Header Files\Core\Types</Filter>
    </ClInclude>
    <ClInclude Include="include\os.h">
      <Filter>Header Files\Core\Other</Filter>
    </ClInclude>
    <ClInclude Include="include\NetworkHandler.h">
      <Filter>Header Files\Core\Networking</Filter>
    </ClInclude>
    <ClInclude Include="include\SolConversions.h">
      <Filter>Header Files\Core\Types</Filter>
    </ClInclude>
    <ClInclude Include="include\Packet.h">
      <Filter>Header Files\Core\Networking</Filter>
    </ClInclude>
    <ClInclude Include="include\DebugConsole.h">
      <Filter>Header Files\Core\Debugging</Filter>
    </ClInclude>
    <ClInclude Include="include\DebugVisual.h">
      <Filter>Header Files\Core\Debugging</Filter>
    </ClInclude>
    <ClInclude Include="include\Sound.h">
      <Filter>Header Files\Core</Filter>
    </ClInclude>
    <ClInclude Include="include\LightManager.h">
      <Filter>Header Files\Core</Filter>
    </ClInclude>
    <ClInclude Include="include\Line.h">
      <Filter>Header Files\Graphics\Text</Filter>
    </ClInclude>
    <ClInclude Include="include\TextLine.h">
      <Filter>Header Files\Graphics\Text</Filter>
    </ClInclude>
    <ClInclude Include="include\TextArea.h">
      <Filter>Header Files\Graphics\Text</Filter>
    </ClInclude>
    <ClInclude Include="include\DrawSphere.h">
      <Filter>Header Files\Graphics</Filter>
    </ClInclude>
    <ClInclude Include="include\ParseCmd.h">
      <Filter>Header Files\Core\Debugging</Filter>
    </ClInclude>
    <ClInclude Include="include\PhysicsHandler.h">
      <Filter>Header Files\Physics</Filter>
    </ClInclude>
    <ClInclude Include="include\irrBulletCompileConfig.h">
      <Filter>Header Files\Physics\IrrBullet</Filter>
    </ClInclude>
    <ClInclude Include="include\irrBulletConeShape.h">
      <Filter>Header Files\Physics\IrrBullet</Filter>
    </ClInclude>
    <ClInclude Include="include\irrBulletConvexHullShape.h">
      <Filter>Header Files\Physics\IrrBullet</Filter>
    </ClInclude>
    <ClInclude Include="include\irrBulletCylinderShape.h">
      <Filter>Header Files\Physics\IrrBullet</Filter>
    </ClInclude>
    <ClInclude Include="include\irrBulletGhostObject.h">
      <Filter>Header Files\Physics\IrrBullet</Filter>
    </ClInclude>
    <ClInclude Include="include\irrBulletGImpactMeshShape.h">
      <Filter>Header Files\Physics\IrrBullet</Filter>
    </ClInclude>
    <ClInclude Include="include\irrBulletKinematicCharacterController.h">
      <Filter>Header Files\Physics\IrrBullet</Filter>
    </ClInclude>
    <ClInclude Include="include\irrBulletLiquidBody.h">
      <Filter>Header Files\Physics\IrrBullet</Filter>
    </ClInclude>
    <ClInclude Include="include\irrBulletMotionState.h">
      <Filter>Header Files\Physics\IrrBullet</Filter>
    </ClInclude>
    <ClInclude Include="include\irrBulletPhysicsDebug.h">
      <Filter>Header Files\Physics\IrrBullet</Filter>
    </ClInclude>
    <ClInclude Include="include\irrBulletRayCastVehicle.h">
      <Filter>Header Files\Physics\IrrBullet</Filter>
    </ClInclude>
    <ClInclude Include="include\irrBulletRigidBody.h">
      <Filter>Header Files\Physics\IrrBullet</Filter>
    </ClInclude>
    <ClInclude Include="include\irrBulletSoftBody.h">
      <Filter>Header Files\Physics\IrrBullet</Filter>
    </ClInclude>
    <ClInclude Include="include\irrBulletSphereShape.h">
      <Filter>Header Files\Physics\IrrBullet</Filter>
    </ClInclude>
    <ClInclude Include="include\irrBulletTriangleMeshShape.h">
      <Filter>Header Files\Physics\IrrBullet</Filter>
    </ClInclude>
    <ClInclude Include="include\irrBulletWorld.h">
      <Filter>Header Files\Physics\IrrBullet</Filter>
    </ClInclude>
    <ClInclude Include="include\irrBullet.h">
      <Filter>Header Files\Physics\IrrBullet</Filter>
    </ClInclude>
    <ClInclude Include="include\irrBulletBoxShape.h">
      <Filter>Header Files\Physics\IrrBullet</Filter>
    </ClInclude>
    <ClInclude Include="include\irrBulletBvhTriangleMeshShape.h">
      <Filter>Header Files\Physics\IrrBullet</Filter>
    </ClInclude>
    <ClInclude Include="include\irrBulletCapsuleShape.h">
      <Filter>Header Files\Physics\IrrBullet</Filter>
    </ClInclude>
    <ClInclude Include="include\irrBulletCollisionCallBackInformation.h">
      <Filter>Header Files\Physics\IrrBullet</Filter>
    </ClInclude>
    <ClInclude Include="include\irrBulletCollisionObject.h">
      <Filter>Header Files\Physics\IrrBullet</Filter>
    </ClInclude>
    <ClInclude Include="include\irrBulletCollisionObjectAffector.h">
      <Filter>Header Files\Physics\IrrBullet</Filter>
    </ClInclude>
    <ClInclude Include="include\irrBulletCollisionObjectAffectorAttract.h">
      <Filter>Header Files\Physics\IrrBullet</Filter>
    </ClInclude>
    <ClInclude Include="include\irrBulletCollisionObjectAffectorDelete.h">
      <Filter>Header Files\Physics\IrrBullet</Filter>
    </ClInclude>
    <ClInclude Include="include\irrBulletCollisionShape.h">
      <Filter>Header Files\Physics\IrrBullet</Filter>
    </ClInclude>
    <ClInclude Include="include\irrBulletCommon.h">
      <Filter>Header Files\Physics\IrrBullet</Filter>
    </ClInclude>
    <ClInclude Include="include\Event.h">
      <Filter>Header Files\Core\Types</Filter>
    </ClInclude>
    <ClInclude Include="include\FunctionsWorld.h">
      <Filter>Header Files\Core\Static</Filter>
    </ClInclude>
    <ClInclude Include="include\FunctionsApplication.h">
      <Filter>Header Files\Core\Static</Filter>
    </ClInclude>
    <ClInclude Include="include\FunctionsGUI.h">
      <Filter>Header Files\Core\Static</Filter>
    </ClInclude>
    <ClInclude Include="include\FunctionsInput.h">
      <Filter>Header Files\Core\Static</Filter>
    </ClInclude>
    <ClInclude Include="include\FunctionsNetworking.h">
      <Filter>Header Files\Core\Static</Filter>
    </ClInclude>
    <ClInclude Include="include\FunctionsSound.h">
      <Filter>Header Files\Core\Static</Filter>
    </ClInclude>
    <ClInclude Include="include\FunctionsImports.h">
      <Filter>Header Files\Core\Static</Filter>
    </ClInclude>
    <ClInclude Include="include\Warden.h">
      <Filter>Header Files\Core\Static</Filter>
    </ClInclude>
    <ClInclude Include="include\ReceiverCompatible.h">
      <Filter>Header Files\Compatible2D</Filter>
    </ClInclude>
    <ClInclude Include="include\LimeEvents.h">
      <Filter>Header Files\Core</Filter>
    </ClInclude>
    <ClInclude Include="include\FunctionsPhysics.h">
      <Filter>Header Files\Core\Static</Filter>
    </ClInclude>
    <ClInclude Include="include\RigidBody3D.h">
      <Filter>Header Files\Compatible3D</Filter>
    </ClInclude>
  </ItemGroup>
</Project>